// !$*UTF8*$!
{
	archiveVersion = 1;
	classes = {
	};
	objectVersion = 50;
	objects = {

/* Begin PBXBuildFile section */
		420C8E34261F397600A95E7F /* UserDetailViewController.swift in Sources */ = {isa = PBXBuildFile; fileRef = 420C8E32261F397600A95E7F /* UserDetailViewController.swift */; };
		420C8E35261F397600A95E7F /* UserDetailViewController.xib in Resources */ = {isa = PBXBuildFile; fileRef = 420C8E33261F397600A95E7F /* UserDetailViewController.xib */; };
		420C8E39261F3A1500A95E7F /* UserDetailCell.swift in Sources */ = {isa = PBXBuildFile; fileRef = 420C8E37261F3A1500A95E7F /* UserDetailCell.swift */; };
		420C8E3A261F3A1500A95E7F /* UserDetailCell.xib in Resources */ = {isa = PBXBuildFile; fileRef = 420C8E38261F3A1500A95E7F /* UserDetailCell.xib */; };
		42713195261C7DC100B304A5 /* AddView.swift in Sources */ = {isa = PBXBuildFile; fileRef = 42713194261C7DC100B304A5 /* AddView.swift */; };
		4271319E261C853800B304A5 /* Persistence.swift in Sources */ = {isa = PBXBuildFile; fileRef = 4271319D261C853800B304A5 /* Persistence.swift */; };
		4277B798261983CF000F118A /* CardsApp.swift in Sources */ = {isa = PBXBuildFile; fileRef = 4277B797261983CF000F118A /* CardsApp.swift */; };
		4277B79A261983CF000F118A /* ContentView.swift in Sources */ = {isa = PBXBuildFile; fileRef = 4277B799261983CF000F118A /* ContentView.swift */; };
		4277B79C261983CF000F118A /* Assets.xcassets in Resources */ = {isa = PBXBuildFile; fileRef = 4277B79B261983CF000F118A /* Assets.xcassets */; };
		4277B79F261983CF000F118A /* Preview Assets.xcassets in Resources */ = {isa = PBXBuildFile; fileRef = 4277B79E261983CF000F118A /* Preview Assets.xcassets */; };
		4277B7A4261983CF000F118A /* Cards.xcdatamodeld in Sources */ = {isa = PBXBuildFile; fileRef = 4277B7A2261983CF000F118A /* Cards.xcdatamodeld */; };
		42B1AD0526246ABD0015810F /* UserInfo+CoreDataClass.swift in Sources */ = {isa = PBXBuildFile; fileRef = 42B1AD0326246ABD0015810F /* UserInfo+CoreDataClass.swift */; };
		42B1AD0626246ABD0015810F /* UserInfo+CoreDataProperties.swift in Sources */ = {isa = PBXBuildFile; fileRef = 42B1AD0426246ABD0015810F /* UserInfo+CoreDataProperties.swift */; };
		42BC0BC02619F7DF0093E1BD /* User.swift in Sources */ = {isa = PBXBuildFile; fileRef = 42BC0BBF2619F7DF0093E1BD /* User.swift */; };
/* End PBXBuildFile section */

/* Begin PBXFileReference section */
		420C8E32261F397600A95E7F /* UserDetailViewController.swift */ = {isa = PBXFileReference; lastKnownFileType = sourcecode.swift; path = UserDetailViewController.swift; sourceTree = "<group>"; };
		420C8E33261F397600A95E7F /* UserDetailViewController.xib */ = {isa = PBXFileReference; lastKnownFileType = file.xib; path = UserDetailViewController.xib; sourceTree = "<group>"; };
		420C8E37261F3A1500A95E7F /* UserDetailCell.swift */ = {isa = PBXFileReference; lastKnownFileType = sourcecode.swift; path = UserDetailCell.swift; sourceTree = "<group>"; };
		420C8E38261F3A1500A95E7F /* UserDetailCell.xib */ = {isa = PBXFileReference; lastKnownFileType = file.xib; path = UserDetailCell.xib; sourceTree = "<group>"; };
		42713194261C7DC100B304A5 /* AddView.swift */ = {isa = PBXFileReference; lastKnownFileType = sourcecode.swift; path = AddView.swift; sourceTree = "<group>"; };
		4271319D261C853800B304A5 /* Persistence.swift */ = {isa = PBXFileReference; fileEncoding = 4; lastKnownFileType = sourcecode.swift; path = Persistence.swift; sourceTree = "<group>"; };
		4277B794261983CF000F118A /* Cards.app */ = {isa = PBXFileReference; explicitFileType = wrapper.application; includeInIndex = 0; path = Cards.app; sourceTree = BUILT_PRODUCTS_DIR; };
		4277B797261983CF000F118A /* CardsApp.swift */ = {isa = PBXFileReference; lastKnownFileType = sourcecode.swift; path = CardsApp.swift; sourceTree = "<group>"; };
		4277B799261983CF000F118A /* ContentView.swift */ = {isa = PBXFileReference; lastKnownFileType = sourcecode.swift; path = ContentView.swift; sourceTree = "<group>"; };
		4277B79B261983CF000F118A /* Assets.xcassets */ = {isa = PBXFileReference; lastKnownFileType = folder.assetcatalog; path = Assets.xcassets; sourceTree = "<group>"; };
		4277B79E261983CF000F118A /* Preview Assets.xcassets */ = {isa = PBXFileReference; lastKnownFileType = folder.assetcatalog; path = "Preview Assets.xcassets"; sourceTree = "<group>"; };
		4277B7A3261983CF000F118A /* Cards.xcdatamodel */ = {isa = PBXFileReference; lastKnownFileType = wrapper.xcdatamodel; path = Cards.xcdatamodel; sourceTree = "<group>"; };
		4277B7A5261983CF000F118A /* Info.plist */ = {isa = PBXFileReference; lastKnownFileType = text.plist.xml; path = Info.plist; sourceTree = "<group>"; };
		42B1AD0326246ABD0015810F /* UserInfo+CoreDataClass.swift */ = {isa = PBXFileReference; lastKnownFileType = sourcecode.swift; path = "UserInfo+CoreDataClass.swift"; sourceTree = "<group>"; };
		42B1AD0426246ABD0015810F /* UserInfo+CoreDataProperties.swift */ = {isa = PBXFileReference; lastKnownFileType = sourcecode.swift; path = "UserInfo+CoreDataProperties.swift"; sourceTree = "<group>"; };
		42BC0BBF2619F7DF0093E1BD /* User.swift */ = {isa = PBXFileReference; lastKnownFileType = sourcecode.swift; path = User.swift; sourceTree = "<group>"; };
/* End PBXFileReference section */

/* Begin PBXFrameworksBuildPhase section */
		4277B791261983CF000F118A /* Frameworks */ = {
			isa = PBXFrameworksBuildPhase;
			buildActionMask = 2147483647;
			files = (
			);
			runOnlyForDeploymentPostprocessing = 0;
		};
/* End PBXFrameworksBuildPhase section */

/* Begin PBXGroup section */
		4277B78B261983CF000F118A = {
			isa = PBXGroup;
			children = (
				42B1AD0326246ABD0015810F /* UserInfo+CoreDataClass.swift */,
				42B1AD0426246ABD0015810F /* UserInfo+CoreDataProperties.swift */,
				4277B796261983CF000F118A /* Cards */,
				4277B795261983CF000F118A /* Products */,
			);
			sourceTree = "<group>";
		};
		4277B795261983CF000F118A /* Products */ = {
			isa = PBXGroup;
			children = (
				4277B794261983CF000F118A /* Cards.app */,
			);
			name = Products;
			sourceTree = "<group>";
		};
		4277B796261983CF000F118A /* Cards */ = {
			isa = PBXGroup;
			children = (
				4271319D261C853800B304A5 /* Persistence.swift */,
				4277B797261983CF000F118A /* CardsApp.swift */,
				4277B799261983CF000F118A /* ContentView.swift */,
				42BC0BBF2619F7DF0093E1BD /* User.swift */,
				42713194261C7DC100B304A5 /* AddView.swift */,
				420C8E32261F397600A95E7F /* UserDetailViewController.swift */,
				420C8E33261F397600A95E7F /* UserDetailViewController.xib */,
				420C8E37261F3A1500A95E7F /* UserDetailCell.swift */,
				420C8E38261F3A1500A95E7F /* UserDetailCell.xib */,
				4277B79B261983CF000F118A /* Assets.xcassets */,
				4277B7A5261983CF000F118A /* Info.plist */,
				4277B7A2261983CF000F118A /* Cards.xcdatamodeld */,
				4277B79D261983CF000F118A /* Preview Content */,
			);
			path = Cards;
			sourceTree = "<group>";
		};
		4277B79D261983CF000F118A /* Preview Content */ = {
			isa = PBXGroup;
			children = (
				4277B79E261983CF000F118A /* Preview Assets.xcassets */,
			);
			path = "Preview Content";
			sourceTree = "<group>";
		};
/* End PBXGroup section */

/* Begin PBXNativeTarget section */
		4277B793261983CF000F118A /* Cards */ = {
			isa = PBXNativeTarget;
			buildConfigurationList = 4277B7A8261983CF000F118A /* Build configuration list for PBXNativeTarget "Cards" */;
			buildPhases = (
				4277B790261983CF000F118A /* Sources */,
				4277B791261983CF000F118A /* Frameworks */,
				4277B792261983CF000F118A /* Resources */,
			);
			buildRules = (
			);
			dependencies = (
			);
			name = Cards;
			productName = Cards;
			productReference = 4277B794261983CF000F118A /* Cards.app */;
			productType = "com.apple.product-type.application";
		};
/* End PBXNativeTarget section */

/* Begin PBXProject section */
		4277B78C261983CF000F118A /* Project object */ = {
			isa = PBXProject;
			attributes = {
				LastSwiftUpdateCheck = 1210;
				LastUpgradeCheck = 1210;
				TargetAttributes = {
					4277B793261983CF000F118A = {
						CreatedOnToolsVersion = 12.1;
					};
				};
			};
			buildConfigurationList = 4277B78F261983CF000F118A /* Build configuration list for PBXProject "Cards" */;
			compatibilityVersion = "Xcode 9.3";
			developmentRegion = en;
			hasScannedForEncodings = 0;
			knownRegions = (
				en,
				Base,
			);
			mainGroup = 4277B78B261983CF000F118A;
			productRefGroup = 4277B795261983CF000F118A /* Products */;
			projectDirPath = "";
			projectRoot = "";
			targets = (
				4277B793261983CF000F118A /* Cards */,
			);
		};
/* End PBXProject section */

/* Begin PBXResourcesBuildPhase section */
		4277B792261983CF000F118A /* Resources */ = {
			isa = PBXResourcesBuildPhase;
			buildActionMask = 2147483647;
			files = (
				4277B79F261983CF000F118A /* Preview Assets.xcassets in Resources */,
				4277B79C261983CF000F118A /* Assets.xcassets in Resources */,
				420C8E35261F397600A95E7F /* UserDetailViewController.xib in Resources */,
				420C8E3A261F3A1500A95E7F /* UserDetailCell.xib in Resources */,
			);
			runOnlyForDeploymentPostprocessing = 0;
		};
/* End PBXResourcesBuildPhase section */

/* Begin PBXSourcesBuildPhase section */
		4277B790261983CF000F118A /* Sources */ = {
			isa = PBXSourcesBuildPhase;
			buildActionMask = 2147483647;
			files = (
				42B1AD0626246ABD0015810F /* UserInfo+CoreDataProperties.swift in Sources */,
				4277B79A261983CF000F118A /* ContentView.swift in Sources */,
				4271319E261C853800B304A5 /* Persistence.swift in Sources */,
				42B1AD0526246ABD0015810F /* UserInfo+CoreDataClass.swift in Sources */,
				420C8E34261F397600A95E7F /* UserDetailViewController.swift in Sources */,
				420C8E39261F3A1500A95E7F /* UserDetailCell.swift in Sources */,
				42713195261C7DC100B304A5 /* AddView.swift in Sources */,
				4277B798261983CF000F118A /* CardsApp.swift in Sources */,
				42BC0BC02619F7DF0093E1BD /* User.swift in Sources */,
				4277B7A4261983CF000F118A /* Cards.xcdatamodeld in Sources */,
			);
			runOnlyForDeploymentPostprocessing = 0;
		};
/* End PBXSourcesBuildPhase section */

/* Begin XCBuildConfiguration section */
		4277B7A6261983CF000F118A /* Debug */ = {
			isa = XCBuildConfiguration;
			buildSettings = {
				ALWAYS_SEARCH_USER_PATHS = NO;
				CLANG_ANALYZER_NONNULL = YES;
				CLANG_ANALYZER_NUMBER_OBJECT_CONVERSION = YES_AGGRESSIVE;
				CLANG_CXX_LANGUAGE_STANDARD = "gnu++14";
				CLANG_CXX_LIBRARY = "libc++";
				CLANG_ENABLE_MODULES = YES;
				CLANG_ENABLE_OBJC_ARC = YES;
				CLANG_ENABLE_OBJC_WEAK = YES;
				CLANG_WARN_BLOCK_CAPTURE_AUTORELEASING = YES;
				CLANG_WARN_BOOL_CONVERSION = YES;
				CLANG_WARN_COMMA = YES;
				CLANG_WARN_CONSTANT_CONVERSION = YES;
				CLANG_WARN_DEPRECATED_OBJC_IMPLEMENTATIONS = YES;
				CLANG_WARN_DIRECT_OBJC_ISA_USAGE = YES_ERROR;
				CLANG_WARN_DOCUMENTATION_COMMENTS = YES;
				CLANG_WARN_EMPTY_BODY = YES;
				CLANG_WARN_ENUM_CONVERSION = YES;
				CLANG_WARN_INFINITE_RECURSION = YES;
				CLANG_WARN_INT_CONVERSION = YES;
				CLANG_WARN_NON_LITERAL_NULL_CONVERSION = YES;
				CLANG_WARN_OBJC_IMPLICIT_RETAIN_SELF = YES;
				CLANG_WARN_OBJC_LITERAL_CONVERSION = YES;
				CLANG_WARN_OBJC_ROOT_CLASS = YES_ERROR;
				CLANG_WARN_QUOTED_INCLUDE_IN_FRAMEWORK_HEADER = YES;
				CLANG_WARN_RANGE_LOOP_ANALYSIS = YES;
				CLANG_WARN_STRICT_PROTOTYPES = YES;
				CLANG_WARN_SUSPICIOUS_MOVE = YES;
				CLANG_WARN_UNGUARDED_AVAILABILITY = YES_AGGRESSIVE;
				CLANG_WARN_UNREACHABLE_CODE = YES;
				CLANG_WARN__DUPLICATE_METHOD_MATCH = YES;
				COPY_PHASE_STRIP = NO;
				DEBUG_INFORMATION_FORMAT = dwarf;
				ENABLE_STRICT_OBJC_MSGSEND = YES;
				ENABLE_TESTABILITY = YES;
				GCC_C_LANGUAGE_STANDARD = gnu11;
				GCC_DYNAMIC_NO_PIC = NO;
				GCC_NO_COMMON_BLOCKS = YES;
				GCC_OPTIMIZATION_LEVEL = 0;
				GCC_PREPROCESSOR_DEFINITIONS = (
					"DEBUG=1",
					"$(inherited)",
				);
				GCC_WARN_64_TO_32_BIT_CONVERSION = YES;
				GCC_WARN_ABOUT_RETURN_TYPE = YES_ERROR;
				GCC_WARN_UNDECLARED_SELECTOR = YES;
				GCC_WARN_UNINITIALIZED_AUTOS = YES_AGGRESSIVE;
				GCC_WARN_UNUSED_FUNCTION = YES;
				GCC_WARN_UNUSED_VARIABLE = YES;
				IPHONEOS_DEPLOYMENT_TARGET = 14.1;
				MTL_ENABLE_DEBUG_INFO = INCLUDE_SOURCE;
				MTL_FAST_MATH = YES;
				ONLY_ACTIVE_ARCH = YES;
				SDKROOT = iphoneos;
				SWIFT_ACTIVE_COMPILATION_CONDITIONS = DEBUG;
				SWIFT_OPTIMIZATION_LEVEL = "-Onone";
			};
			name = Debug;
		};
		4277B7A7261983CF000F118A /* Release */ = {
			isa = XCBuildConfiguration;
			buildSettings = {
				ALWAYS_SEARCH_USER_PATHS = NO;
				CLANG_ANALYZER_NONNULL = YES;
				CLANG_ANALYZER_NUMBER_OBJECT_CONVERSION = YES_AGGRESSIVE;
				CLANG_CXX_LANGUAGE_STANDARD = "gnu++14";
				CLANG_CXX_LIBRARY = "libc++";
				CLANG_ENABLE_MODULES = YES;
				CLANG_ENABLE_OBJC_ARC = YES;
				CLANG_ENABLE_OBJC_WEAK = YES;
				CLANG_WARN_BLOCK_CAPTURE_AUTORELEASING = YES;
				CLANG_WARN_BOOL_CONVERSION = YES;
				CLANG_WARN_COMMA = YES;
				CLANG_WARN_CONSTANT_CONVERSION = YES;
				CLANG_WARN_DEPRECATED_OBJC_IMPLEMENTATIONS = YES;
				CLANG_WARN_DIRECT_OBJC_ISA_USAGE = YES_ERROR;
				CLANG_WARN_DOCUMENTATION_COMMENTS = YES;
				CLANG_WARN_EMPTY_BODY = YES;
				CLANG_WARN_ENUM_CONVERSION = YES;
				CLANG_WARN_INFINITE_RECURSION = YES;
				CLANG_WARN_INT_CONVERSION = YES;
				CLANG_WARN_NON_LITERAL_NULL_CONVERSION = YES;
				CLANG_WARN_OBJC_IMPLICIT_RETAIN_SELF = YES;
				CLANG_WARN_OBJC_LITERAL_CONVERSION = YES;
				CLANG_WARN_OBJC_ROOT_CLASS = YES_ERROR;
				CLANG_WARN_QUOTED_INCLUDE_IN_FRAMEWORK_HEADER = YES;
				CLANG_WARN_RANGE_LOOP_ANALYSIS = YES;
				CLANG_WARN_STRICT_PROTOTYPES = YES;
				CLANG_WARN_SUSPICIOUS_MOVE = YES;
				CLANG_WARN_UNGUARDED_AVAILABILITY = YES_AGGRESSIVE;
				CLANG_WARN_UNREACHABLE_CODE = YES;
				CLANG_WARN__DUPLICATE_METHOD_MATCH = YES;
				COPY_PHASE_STRIP = NO;
				DEBUG_INFORMATION_FORMAT = "dwarf-with-dsym";
				ENABLE_NS_ASSERTIONS = NO;
				ENABLE_STRICT_OBJC_MSGSEND = YES;
				GCC_C_LANGUAGE_STANDARD = gnu11;
				GCC_NO_COMMON_BLOCKS = YES;
				GCC_WARN_64_TO_32_BIT_CONVERSION = YES;
				GCC_WARN_ABOUT_RETURN_TYPE = YES_ERROR;
				GCC_WARN_UNDECLARED_SELECTOR = YES;
				GCC_WARN_UNINITIALIZED_AUTOS = YES_AGGRESSIVE;
				GCC_WARN_UNUSED_FUNCTION = YES;
				GCC_WARN_UNUSED_VARIABLE = YES;
				IPHONEOS_DEPLOYMENT_TARGET = 14.1;
				MTL_ENABLE_DEBUG_INFO = NO;
				MTL_FAST_MATH = YES;
				SDKROOT = iphoneos;
				SWIFT_COMPILATION_MODE = wholemodule;
				SWIFT_OPTIMIZATION_LEVEL = "-O";
				VALIDATE_PRODUCT = YES;
			};
			name = Release;
		};
		4277B7A9261983CF000F118A /* Debug */ = {
			isa = XCBuildConfiguration;
			buildSettings = {
				ASSETCATALOG_COMPILER_APPICON_NAME = AppIcon;
				ASSETCATALOG_COMPILER_GLOBAL_ACCENT_COLOR_NAME = AccentColor;
				CODE_SIGN_STYLE = Automatic;
				DEVELOPMENT_ASSET_PATHS = "\"Cards/Preview Content\"";
				ENABLE_PREVIEWS = YES;
				INFOPLIST_FILE = Cards/Info.plist;
				IPHONEOS_DEPLOYMENT_TARGET = 14.0;
				LD_RUNPATH_SEARCH_PATHS = (
					"$(inherited)",
					"@executable_path/Frameworks",
				);
				PRODUCT_BUNDLE_IDENTIFIER = com.canopas.Cards;
				PRODUCT_NAME = "$(TARGET_NAME)";
				SWIFT_VERSION = 5.0;
				TARGETED_DEVICE_FAMILY = "1,2";
			};
			name = Debug;
		};
		4277B7AA261983CF000F118A /* Release */ = {
			isa = XCBuildConfiguration;
			buildSettings = {
				ASSETCATALOG_COMPILER_APPICON_NAME = AppIcon;
				ASSETCATALOG_COMPILER_GLOBAL_ACCENT_COLOR_NAME = AccentColor;
				CODE_SIGN_STYLE = Automatic;
				DEVELOPMENT_ASSET_PATHS = "\"Cards/Preview Content\"";
				ENABLE_PREVIEWS = YES;
				INFOPLIST_FILE = Cards/Info.plist;
				IPHONEOS_DEPLOYMENT_TARGET = 14.0;
				LD_RUNPATH_SEARCH_PATHS = (
					"$(inherited)",
					"@executable_path/Frameworks",
				);
				PRODUCT_BUNDLE_IDENTIFIER = com.canopas.Cards;
				PRODUCT_NAME = "$(TARGET_NAME)";
				SWIFT_VERSION = 5.0;
				TARGETED_DEVICE_FAMILY = "1,2";
			};
			name = Release;
		};
/* End XCBuildConfiguration section */

/* Begin XCConfigurationList section */
		4277B78F261983CF000F118A /* Build configuration list for PBXProject "Cards" */ = {
			isa = XCConfigurationList;
			buildConfigurations = (
				4277B7A6261983CF000F118A /* Debug */,
				4277B7A7261983CF000F118A /* Release */,
			);
			defaultConfigurationIsVisible = 0;
			defaultConfigurationName = Release;
		};
		4277B7A8261983CF000F118A /* Build configuration list for PBXNativeTarget "Cards" */ = {
			isa = XCConfigurationList;
			buildConfigurations = (
				4277B7A9261983CF000F118A /* Debug */,
				4277B7AA261983CF000F118A /* Release */,
			);
			defaultConfigurationIsVisible = 0;
			defaultConfigurationName = Release;
		};
/* End XCConfigurationList section */

/* Begin XCVersionGroup section */
		4277B7A2261983CF000F118A /* Cards.xcdatamodeld */ = {
			isa = XCVersionGroup;
			children = (
				4277B7A3261983CF000F118A /* Cards.xcdatamodel */,
			);
			currentVersion = 4277B7A3261983CF000F118A /* Cards.xcdatamodel */;
			path = Cards.xcdatamodeld;
			sourceTree = "<group>";
			versionGroupType = wrapper.xcdatamodel;
		};
/* End XCVersionGroup section */
	};
	rootObject = 4277B78C261983CF000F118A /* Project object */;
}
